# This file was autogenerated by Stack.
# You should not edit this file by hand.
# For more information, please see the documentation at:
#   https://docs.haskellstack.org/en/stable/lock_files

packages:
- completed:
    hackage: socket-unix-0.2.0.0@sha256:8cecd07268b14ba47b13e7855f9862f3ce34a7079ccf21ea97057f6bd4f6fb66,3058
    pantry-tree:
      size: 796
      sha256: f1f06f8afdbb4686786b3af522965ecc800dc7d4aefb44aca5e35cfd6d72e939
  original:
    hackage: socket-unix-0.2.0.0@sha256:8cecd07268b14ba47b13e7855f9862f3ce34a7079ccf21ea97057f6bd4f6fb66,3058
snapshots:
- completed:
    size: 590102
    url: https://raw.githubusercontent.com/commercialhaskell/stackage-snapshots/master/lts/18/26.yaml
    sha256: e76d109964d9335abb412e22139c5bce3078be290ac6d90b8ecea6cc009bb198
  original:
    url: https://raw.githubusercontent.com/commercialhaskell/stackage-snapshots/master/lts/18/26.yaml
